
Microsoft Visual Studio Solution File, Format Version 12.00
# Visual Studio Version 16
VisualStudioVersion = 16.0.29728.190
MinimumVisualStudioVersion = 10.0.40219.1
Project("{FAE04EC0-301F-11D3-BF4B-00C04F79EFBC}") = "HandsOnAula03", "HandsOnAula03.csproj", "{CFC5D341-10BA-4036-9432-CD5A05C39FCA}"
EndProject
Global
	GlobalSection(SolutionConfigurationPlatforms) = preSolution
		Debug|Any CPU = Debug|Any CPU
		Release|Any CPU = Release|Any CPU
	EndGlobalSection
	GlobalSection(ProjectConfigurationPlatforms) = postSolution
		{CFC5D341-10BA-4036-9432-CD5A05C39FCA}.Debug|Any CPU.ActiveCfg = Debug|Any CPU
		{CFC5D341-10BA-4036-9432-CD5A05C39FCA}.Debug|Any CPU.Build.0 = Debug|Any CPU
		{CFC5D341-10BA-4036-9432-CD5A05C39FCA}.Release|Any CPU.ActiveCfg = Release|Any CPU
		{CFC5D341-10BA-4036-9432-CD5A05C39FCA}.Release|Any CPU.Build.0 = Release|Any CPU
	EndGlobalSection
	GlobalSection(SolutionProperties) = preSolution
		HideSolutionNode = FALSE
	EndGlobalSection
	GlobalSection(ExtensibilityGlobals) = postSolution
		SolutionGuid = {D5BC6DEB-0C7B-41C0-98E6-42FA6CA449B4}
	EndGlobalSection
EndGlobal
